
Microsoft Visual Studio Solution File, Format Version 12.00
# Visual Studio Version 17
VisualStudioVersion = 17.9.34728.123
MinimumVisualStudioVersion = 10.0.40219.1
Project("{888888A0-9F3D-457C-B088-3A5042F75D52}") = "EverythingPossible", "EverythingPossible.pyproj", "{08513BFB-EDE7-4871-B15E-CECEE3FE9A9D}"
EndProject
Global
	GlobalSection(SolutionConfigurationPlatforms) = preSolution
		Debug|Any CPU = Debug|Any CPU
		Release|Any CPU = Release|Any CPU
	EndGlobalSection
	GlobalSection(ProjectConfigurationPlatforms) = postSolution
		{08513BFB-EDE7-4871-B15E-CECEE3FE9A9D}.Debug|Any CPU.ActiveCfg = Debug|Any CPU
		{08513BFB-EDE7-4871-B15E-CECEE3FE9A9D}.Release|Any CPU.ActiveCfg = Release|Any CPU
	EndGlobalSection
	GlobalSection(SolutionProperties) = preSolution
		HideSolutionNode = FALSE
	EndGlobalSection
	GlobalSection(ExtensibilityGlobals) = postSolution
		SolutionGuid = {80C14F3A-6CA3-41A2-B0AB-B6B43D316310}
	EndGlobalSection
EndGlobal
